
Microsoft Visual Studio Solution File, Format Version 12.00
# Visual Studio Version 16
VisualStudioVersion = 16.0.30717.126
MinimumVisualStudioVersion = 10.0.40219.1
Project("{FAE04EC0-301F-11D3-BF4B-00C04F79EFBC}") = "1semester", "1semester\1semester.csproj", "{2831105F-B40B-421C-B2B2-817AED1B57FE}"
EndProject
Project("{2150E333-8FDC-42A3-9474-1A3956D46DE8}") = "Documentation", "Documentation", "{57448506-5ACA-46E6-BF7B-0E80113B74A4}"
	ProjectSection(SolutionItems) = preProject
		..\..\..\Desktop\ProductView_LowFidProto.GIF = ..\..\..\Desktop\ProductView_LowFidProto.GIF
		text.txt = text.txt
	EndProjectSection
EndProject
Global
	GlobalSection(SolutionConfigurationPlatforms) = preSolution
		Debug|Any CPU = Debug|Any CPU
		Release|Any CPU = Release|Any CPU
	EndGlobalSection
	GlobalSection(ProjectConfigurationPlatforms) = postSolution
		{2831105F-B40B-421C-B2B2-817AED1B57FE}.Debug|Any CPU.ActiveCfg = Debug|Any CPU
		{2831105F-B40B-421C-B2B2-817AED1B57FE}.Debug|Any CPU.Build.0 = Debug|Any CPU
		{2831105F-B40B-421C-B2B2-817AED1B57FE}.Release|Any CPU.ActiveCfg = Release|Any CPU
		{2831105F-B40B-421C-B2B2-817AED1B57FE}.Release|Any CPU.Build.0 = Release|Any CPU
	EndGlobalSection
	GlobalSection(SolutionProperties) = preSolution
		HideSolutionNode = FALSE
	EndGlobalSection
	GlobalSection(ExtensibilityGlobals) = postSolution
		SolutionGuid = {DD55277C-47FE-4500-885C-78A632624DFF}
	EndGlobalSection
EndGlobal
